
Microsoft Visual Studio Solution File, Format Version 12.00
# Visual Studio Version 16
VisualStudioVersion = 16.0.31205.134
MinimumVisualStudioVersion = 10.0.40219.1
Project("{9A19103F-16F7-4668-BE54-9A1E7A4F7556}") = "Sales.Domain", "Sales.Domain\Sales.Domain.csproj", "{49866811-C65D-4595-9A09-7F623B545CBB}"
EndProject
Project("{9A19103F-16F7-4668-BE54-9A1E7A4F7556}") = "Sales.Domain.Core", "Sales.Domain.Core\Sales.Domain.Core.csproj", "{20D7A17A-25F5-4D0B-85A0-155328D4AAD3}"
EndProject
Project("{9A19103F-16F7-4668-BE54-9A1E7A4F7556}") = "Sales.Infrastructure.Data", "Sales.Infrastructure.Data\Sales.Infrastructure.Data.csproj", "{F687A6E2-D830-42B2-B8C6-8024460F7432}"
EndProject
Project("{9A19103F-16F7-4668-BE54-9A1E7A4F7556}") = "TesteRepository", "TesteRepository\TesteRepository.csproj", "{3C70B629-1F33-474D-AA83-CFF1926A7C31}"
EndProject
Project("{FAE04EC0-301F-11D3-BF4B-00C04F79EFBC}") = "Sales.Api", "Sales.Api\Sales.Api.csproj", "{36A98BBF-C718-4D12-B0B9-D1DF45BC1E6D}"
EndProject
Project("{FAE04EC0-301F-11D3-BF4B-00C04F79EFBC}") = "Sales.Application", "Sales.Application\Sales.Application.csproj", "{1B02E984-B98F-4A8D-AFC1-C181E2E0EDE2}"
EndProject
Global
	GlobalSection(SolutionConfigurationPlatforms) = preSolution
		Debug|Any CPU = Debug|Any CPU
		Release|Any CPU = Release|Any CPU
	EndGlobalSection
	GlobalSection(ProjectConfigurationPlatforms) = postSolution
		{49866811-C65D-4595-9A09-7F623B545CBB}.Debug|Any CPU.ActiveCfg = Debug|Any CPU
		{49866811-C65D-4595-9A09-7F623B545CBB}.Debug|Any CPU.Build.0 = Debug|Any CPU
		{49866811-C65D-4595-9A09-7F623B545CBB}.Release|Any CPU.ActiveCfg = Release|Any CPU
		{49866811-C65D-4595-9A09-7F623B545CBB}.Release|Any CPU.Build.0 = Release|Any CPU
		{20D7A17A-25F5-4D0B-85A0-155328D4AAD3}.Debug|Any CPU.ActiveCfg = Debug|Any CPU
		{20D7A17A-25F5-4D0B-85A0-155328D4AAD3}.Debug|Any CPU.Build.0 = Debug|Any CPU
		{20D7A17A-25F5-4D0B-85A0-155328D4AAD3}.Release|Any CPU.ActiveCfg = Release|Any CPU
		{20D7A17A-25F5-4D0B-85A0-155328D4AAD3}.Release|Any CPU.Build.0 = Release|Any CPU
		{F687A6E2-D830-42B2-B8C6-8024460F7432}.Debug|Any CPU.ActiveCfg = Debug|Any CPU
		{F687A6E2-D830-42B2-B8C6-8024460F7432}.Debug|Any CPU.Build.0 = Debug|Any CPU
		{F687A6E2-D830-42B2-B8C6-8024460F7432}.Release|Any CPU.ActiveCfg = Release|Any CPU
		{F687A6E2-D830-42B2-B8C6-8024460F7432}.Release|Any CPU.Build.0 = Release|Any CPU
		{3C70B629-1F33-474D-AA83-CFF1926A7C31}.Debug|Any CPU.ActiveCfg = Debug|Any CPU
		{3C70B629-1F33-474D-AA83-CFF1926A7C31}.Debug|Any CPU.Build.0 = Debug|Any CPU
		{3C70B629-1F33-474D-AA83-CFF1926A7C31}.Release|Any CPU.ActiveCfg = Release|Any CPU
		{3C70B629-1F33-474D-AA83-CFF1926A7C31}.Release|Any CPU.Build.0 = Release|Any CPU
		{36A98BBF-C718-4D12-B0B9-D1DF45BC1E6D}.Debug|Any CPU.ActiveCfg = Debug|Any CPU
		{36A98BBF-C718-4D12-B0B9-D1DF45BC1E6D}.Debug|Any CPU.Build.0 = Debug|Any CPU
		{36A98BBF-C718-4D12-B0B9-D1DF45BC1E6D}.Release|Any CPU.ActiveCfg = Release|Any CPU
		{36A98BBF-C718-4D12-B0B9-D1DF45BC1E6D}.Release|Any CPU.Build.0 = Release|Any CPU
		{1B02E984-B98F-4A8D-AFC1-C181E2E0EDE2}.Debug|Any CPU.ActiveCfg = Debug|Any CPU
		{1B02E984-B98F-4A8D-AFC1-C181E2E0EDE2}.Debug|Any CPU.Build.0 = Debug|Any CPU
		{1B02E984-B98F-4A8D-AFC1-C181E2E0EDE2}.Release|Any CPU.ActiveCfg = Release|Any CPU
		{1B02E984-B98F-4A8D-AFC1-C181E2E0EDE2}.Release|Any CPU.Build.0 = Release|Any CPU
	EndGlobalSection
	GlobalSection(SolutionProperties) = preSolution
		HideSolutionNode = FALSE
	EndGlobalSection
	GlobalSection(ExtensibilityGlobals) = postSolution
		SolutionGuid = {2514821D-2C79-456E-B874-BDEB7BEC4926}
	EndGlobalSection
EndGlobal
